
Microsoft Visual Studio Solution File, Format Version 12.00
# Visual Studio Version 16
VisualStudioVersion = 16.0.31112.23
MinimumVisualStudioVersion = 10.0.40219.1
Project("{FAE04EC0-301F-11D3-BF4B-00C04F79EFBC}") = "Duolingo", "Duolingo\Duolingo.csproj", "{2421A629-34A9-462F-895E-B6439E6A74C9}"
EndProject
Global
	GlobalSection(SolutionConfigurationPlatforms) = preSolution
		Debug|Any CPU = Debug|Any CPU
		Release|Any CPU = Release|Any CPU
	EndGlobalSection
	GlobalSection(ProjectConfigurationPlatforms) = postSolution
		{2421A629-34A9-462F-895E-B6439E6A74C9}.Debug|Any CPU.ActiveCfg = Debug|Any CPU
		{2421A629-34A9-462F-895E-B6439E6A74C9}.Debug|Any CPU.Build.0 = Debug|Any CPU
		{2421A629-34A9-462F-895E-B6439E6A74C9}.Release|Any CPU.ActiveCfg = Release|Any CPU
		{2421A629-34A9-462F-895E-B6439E6A74C9}.Release|Any CPU.Build.0 = Release|Any CPU
	EndGlobalSection
	GlobalSection(SolutionProperties) = preSolution
		HideSolutionNode = FALSE
	EndGlobalSection
	GlobalSection(ExtensibilityGlobals) = postSolution
		SolutionGuid = {BBF31F2C-7054-4E29-8A2A-046B0DD47933}
	EndGlobalSection
EndGlobal
